{
  "name": "base32check",
  "version": "0.1.0",
  "lockfileVersion": 1,
  "requires": true,
  "dependencies": {
    "cdigit": {
      "version": "2.3.4",
      "resolved": "https://registry.npmjs.org/cdigit/-/cdigit-2.3.4.tgz",
      "integrity": "sha512-kuJquEgynZEcK416226195/tYVo+Evn5naUlmlqdmcEAPJJB2uHx72pUaHv+I1i/F9EU716vEwxAkCCcOux0ug==",
      "dev": true,
      "requires": {
        "commander": "^2.19.0"
      }
    },
    "commander": {
      "version": "2.20.0",
      "resolved": "https://registry.npmjs.org/commander/-/commander-2.20.0.tgz",
      "integrity": "sha512-7j2y+40w61zy6YC2iRNpUe/NwhNyoXrYpHMrSunaMG64nRnaf96zO/KMQR4OyN/UnE5KLyEBnKHd4aG3rskjpQ==",
      "dev": true
    }
  }
}
